// !$*UTF8*$!
{
	archiveVersion = 1;
	classes = {
	};
	objectVersion = 56;
	objects = {

/* Begin PBXBuildFile section */
		56385E212A1B995000824289 /* PrimaryButtonStyle.swift in Sources */ = {isa = PBXBuildFile; fileRef = 56385E202A1B995000824289 /* PrimaryButtonStyle.swift */; };
		56385E242A1B9A8400824289 /* Colors.xcassets in Resources */ = {isa = PBXBuildFile; fileRef = 56385E232A1B999900824289 /* Colors.xcassets */; };
		569A36232A2E217300164967 /* SecondaryButtonStyle.swift in Sources */ = {isa = PBXBuildFile; fileRef = 569A36222A2E217300164967 /* SecondaryButtonStyle.swift */; };
		569A36252A2E251A00164967 /* ContentView.swift in Sources */ = {isa = PBXBuildFile; fileRef = 569A36242A2E251A00164967 /* ContentView.swift */; };
		569A36272A2E286800164967 /* WatchlistView.swift in Sources */ = {isa = PBXBuildFile; fileRef = 569A36262A2E286800164967 /* WatchlistView.swift */; };
		569A36292A2E29CA00164967 /* CommunityView.swift in Sources */ = {isa = PBXBuildFile; fileRef = 569A36282A2E29CA00164967 /* CommunityView.swift */; };
		569A362B2A2E29F000164967 /* MyView.swift in Sources */ = {isa = PBXBuildFile; fileRef = 569A362A2A2E29F000164967 /* MyView.swift */; };
		56EA5B882A1B8AB1005D793D /* DesignSystem.docc in Sources */ = {isa = PBXBuildFile; fileRef = 56EA5B872A1B8AB1005D793D /* DesignSystem.docc */; };
		56EA5B8C2A1B8AB1005D793D /* DesignSystem.framework in Frameworks */ = {isa = PBXBuildFile; fileRef = 56EA5B842A1B8AB1005D793D /* DesignSystem.framework */; };
		56EA5B8D2A1B8AB1005D793D /* DesignSystem.framework in Embed Frameworks */ = {isa = PBXBuildFile; fileRef = 56EA5B842A1B8AB1005D793D /* DesignSystem.framework */; settings = {ATTRIBUTES = (CodeSignOnCopy, RemoveHeadersOnCopy, ); }; };
		56F5153B2A05ED95003E212D /* StockExplorerSwiftApp.swift in Sources */ = {isa = PBXBuildFile; fileRef = 56F5153A2A05ED95003E212D /* StockExplorerSwiftApp.swift */; };
		56F5153F2A05ED96003E212D /* Asset.xcassets in Resources */ = {isa = PBXBuildFile; fileRef = 56F5153E2A05ED96003E212D /* Asset.xcassets */; };
		56F515422A05ED96003E212D /* Preview Assets.xcassets in Resources */ = {isa = PBXBuildFile; fileRef = 56F515412A05ED96003E212D /* Preview Assets.xcassets */; };
		56F5154C2A05ED96003E212D /* StockExplorerSwiftTests.swift in Sources */ = {isa = PBXBuildFile; fileRef = 56F5154B2A05ED96003E212D /* StockExplorerSwiftTests.swift */; };
		56F515562A05ED96003E212D /* StockExplorerSwiftUITests.swift in Sources */ = {isa = PBXBuildFile; fileRef = 56F515552A05ED96003E212D /* StockExplorerSwiftUITests.swift */; };
		56F515582A05ED96003E212D /* StockExplorerSwiftUITestsLaunchTests.swift in Sources */ = {isa = PBXBuildFile; fileRef = 56F515572A05ED96003E212D /* StockExplorerSwiftUITestsLaunchTests.swift */; };
/* End PBXBuildFile section */

/* Begin PBXContainerItemProxy section */
		56EA5B8A2A1B8AB1005D793D /* PBXContainerItemProxy */ = {
			isa = PBXContainerItemProxy;
			containerPortal = 56F5152F2A05ED95003E212D /* Project object */;
			proxyType = 1;
			remoteGlobalIDString = 56EA5B832A1B8AB0005D793D;
			remoteInfo = DesignSystem;
		};
		56F515482A05ED96003E212D /* PBXContainerItemProxy */ = {
			isa = PBXContainerItemProxy;
			containerPortal = 56F5152F2A05ED95003E212D /* Project object */;
			proxyType = 1;
			remoteGlobalIDString = 56F515362A05ED95003E212D;
			remoteInfo = "stock-explorer-swift";
		};
		56F515522A05ED96003E212D /* PBXContainerItemProxy */ = {
			isa = PBXContainerItemProxy;
			containerPortal = 56F5152F2A05ED95003E212D /* Project object */;
			proxyType = 1;
			remoteGlobalIDString = 56F515362A05ED95003E212D;
			remoteInfo = "stock-explorer-swift";
		};
/* End PBXContainerItemProxy section */

/* Begin PBXCopyFilesBuildPhase section */
		56EA5B8E2A1B8AB1005D793D /* Embed Frameworks */ = {
			isa = PBXCopyFilesBuildPhase;
			buildActionMask = 2147483647;
			dstPath = "";
			dstSubfolderSpec = 10;
			files = (
				56EA5B8D2A1B8AB1005D793D /* DesignSystem.framework in Embed Frameworks */,
			);
			name = "Embed Frameworks";
			runOnlyForDeploymentPostprocessing = 0;
		};
/* End PBXCopyFilesBuildPhase section */

/* Begin PBXFileReference section */
		56385E202A1B995000824289 /* PrimaryButtonStyle.swift */ = {isa = PBXFileReference; lastKnownFileType = sourcecode.swift; path = PrimaryButtonStyle.swift; sourceTree = "<group>"; };
		56385E232A1B999900824289 /* Colors.xcassets */ = {isa = PBXFileReference; lastKnownFileType = folder.assetcatalog; path = Colors.xcassets; sourceTree = "<group>"; };
		569A36222A2E217300164967 /* SecondaryButtonStyle.swift */ = {isa = PBXFileReference; lastKnownFileType = sourcecode.swift; path = SecondaryButtonStyle.swift; sourceTree = "<group>"; };
		569A36242A2E251A00164967 /* ContentView.swift */ = {isa = PBXFileReference; lastKnownFileType = sourcecode.swift; path = ContentView.swift; sourceTree = "<group>"; };
		569A36262A2E286800164967 /* WatchlistView.swift */ = {isa = PBXFileReference; lastKnownFileType = sourcecode.swift; path = WatchlistView.swift; sourceTree = "<group>"; };
		569A36282A2E29CA00164967 /* CommunityView.swift */ = {isa = PBXFileReference; lastKnownFileType = sourcecode.swift; path = CommunityView.swift; sourceTree = "<group>"; };
		569A362A2A2E29F000164967 /* MyView.swift */ = {isa = PBXFileReference; lastKnownFileType = sourcecode.swift; path = MyView.swift; sourceTree = "<group>"; };
		56EA5B842A1B8AB1005D793D /* DesignSystem.framework */ = {isa = PBXFileReference; explicitFileType = wrapper.framework; includeInIndex = 0; path = DesignSystem.framework; sourceTree = BUILT_PRODUCTS_DIR; };
		56EA5B872A1B8AB1005D793D /* DesignSystem.docc */ = {isa = PBXFileReference; lastKnownFileType = folder.documentationcatalog; path = DesignSystem.docc; sourceTree = "<group>"; };
		56F515372A05ED95003E212D /* StockExplorerSwift.app */ = {isa = PBXFileReference; explicitFileType = wrapper.application; includeInIndex = 0; path = StockExplorerSwift.app; sourceTree = BUILT_PRODUCTS_DIR; };
		56F5153A2A05ED95003E212D /* StockExplorerSwiftApp.swift */ = {isa = PBXFileReference; lastKnownFileType = sourcecode.swift; path = StockExplorerSwiftApp.swift; sourceTree = "<group>"; };
		56F5153E2A05ED96003E212D /* Asset.xcassets */ = {isa = PBXFileReference; lastKnownFileType = folder.assetcatalog; path = Asset.xcassets; sourceTree = "<group>"; };
		56F515412A05ED96003E212D /* Preview Assets.xcassets */ = {isa = PBXFileReference; lastKnownFileType = folder.assetcatalog; path = "Preview Assets.xcassets"; sourceTree = "<group>"; };
		56F515472A05ED96003E212D /* StockExplorerSwiftTests.xctest */ = {isa = PBXFileReference; explicitFileType = wrapper.cfbundle; includeInIndex = 0; path = StockExplorerSwiftTests.xctest; sourceTree = BUILT_PRODUCTS_DIR; };
		56F5154B2A05ED96003E212D /* StockExplorerSwiftTests.swift */ = {isa = PBXFileReference; lastKnownFileType = sourcecode.swift; path = StockExplorerSwiftTests.swift; sourceTree = "<group>"; };
		56F515512A05ED96003E212D /* StockExplorerSwiftUITests.xctest */ = {isa = PBXFileReference; explicitFileType = wrapper.cfbundle; includeInIndex = 0; path = StockExplorerSwiftUITests.xctest; sourceTree = BUILT_PRODUCTS_DIR; };
		56F515552A05ED96003E212D /* StockExplorerSwiftUITests.swift */ = {isa = PBXFileReference; lastKnownFileType = sourcecode.swift; path = StockExplorerSwiftUITests.swift; sourceTree = "<group>"; };
		56F515572A05ED96003E212D /* StockExplorerSwiftUITestsLaunchTests.swift */ = {isa = PBXFileReference; lastKnownFileType = sourcecode.swift; path = StockExplorerSwiftUITestsLaunchTests.swift; sourceTree = "<group>"; };
/* End PBXFileReference section */

/* Begin PBXFrameworksBuildPhase section */
		56EA5B812A1B8AB0005D793D /* Frameworks */ = {
			isa = PBXFrameworksBuildPhase;
			buildActionMask = 2147483647;
			files = (
			);
			runOnlyForDeploymentPostprocessing = 0;
		};
		56F515342A05ED95003E212D /* Frameworks */ = {
			isa = PBXFrameworksBuildPhase;
			buildActionMask = 2147483647;
			files = (
				56EA5B8C2A1B8AB1005D793D /* DesignSystem.framework in Frameworks */,
			);
			runOnlyForDeploymentPostprocessing = 0;
		};
		56F515442A05ED96003E212D /* Frameworks */ = {
			isa = PBXFrameworksBuildPhase;
			buildActionMask = 2147483647;
			files = (
			);
			runOnlyForDeploymentPostprocessing = 0;
		};
		56F5154E2A05ED96003E212D /* Frameworks */ = {
			isa = PBXFrameworksBuildPhase;
			buildActionMask = 2147483647;
			files = (
			);
			runOnlyForDeploymentPostprocessing = 0;
		};
/* End PBXFrameworksBuildPhase section */

/* Begin PBXGroup section */
		56385E222A1B999900824289 /* Resources */ = {
			isa = PBXGroup;
			children = (
				56385E232A1B999900824289 /* Colors.xcassets */,
			);
			name = Resources;
			path = DesignSystem.docc/Resources;
			sourceTree = "<group>";
		};
		56EA5B852A1B8AB1005D793D /* DesignSystem */ = {
			isa = PBXGroup;
			children = (
				56385E202A1B995000824289 /* PrimaryButtonStyle.swift */,
				56385E222A1B999900824289 /* Resources */,
				56EA5B872A1B8AB1005D793D /* DesignSystem.docc */,
				569A36222A2E217300164967 /* SecondaryButtonStyle.swift */,
			);
			path = DesignSystem;
			sourceTree = "<group>";
		};
		56F5152E2A05ED95003E212D = {
			isa = PBXGroup;
			children = (
				56F515392A05ED95003E212D /* StockExplorerSwift */,
				56F5154A2A05ED96003E212D /* StockExplorerSwiftTests */,
				56F515542A05ED96003E212D /* StockExplorerSwiftUITests */,
				56EA5B852A1B8AB1005D793D /* DesignSystem */,
				56F515382A05ED95003E212D /* Products */,
			);
			sourceTree = "<group>";
		};
		56F515382A05ED95003E212D /* Products */ = {
			isa = PBXGroup;
			children = (
				56F515372A05ED95003E212D /* StockExplorerSwift.app */,
				56F515472A05ED96003E212D /* StockExplorerSwiftTests.xctest */,
				56F515512A05ED96003E212D /* StockExplorerSwiftUITests.xctest */,
				56EA5B842A1B8AB1005D793D /* DesignSystem.framework */,
			);
			name = Products;
			sourceTree = "<group>";
		};
		56F515392A05ED95003E212D /* StockExplorerSwift */ = {
			isa = PBXGroup;
			children = (
				56F515402A05ED96003E212D /* Preview Content */,
				56FB24AB2A0606CC00032C23 /* Resources */,
				56F5153A2A05ED95003E212D /* StockExplorerSwiftApp.swift */,
				569A36242A2E251A00164967 /* ContentView.swift */,
				569A36262A2E286800164967 /* WatchlistView.swift */,
				569A36282A2E29CA00164967 /* CommunityView.swift */,
				569A362A2A2E29F000164967 /* MyView.swift */,
			);
			path = StockExplorerSwift;
			sourceTree = "<group>";
		};
		56F515402A05ED96003E212D /* Preview Content */ = {
			isa = PBXGroup;
			children = (
				56F515412A05ED96003E212D /* Preview Assets.xcassets */,
			);
			path = "Preview Content";
			sourceTree = "<group>";
		};
		56F5154A2A05ED96003E212D /* StockExplorerSwiftTests */ = {
			isa = PBXGroup;
			children = (
				56F5154B2A05ED96003E212D /* StockExplorerSwiftTests.swift */,
			);
			path = StockExplorerSwiftTests;
			sourceTree = "<group>";
		};
		56F515542A05ED96003E212D /* StockExplorerSwiftUITests */ = {
			isa = PBXGroup;
			children = (
				56F515552A05ED96003E212D /* StockExplorerSwiftUITests.swift */,
				56F515572A05ED96003E212D /* StockExplorerSwiftUITestsLaunchTests.swift */,
			);
			path = StockExplorerSwiftUITests;
			sourceTree = "<group>";
		};
		56FB24AB2A0606CC00032C23 /* Resources */ = {
			isa = PBXGroup;
			children = (
				56F5153E2A05ED96003E212D /* Asset.xcassets */,
			);
			path = Resources;
			sourceTree = "<group>";
		};
/* End PBXGroup section */

/* Begin PBXHeadersBuildPhase section */
		56EA5B7F2A1B8AB0005D793D /* Headers */ = {
			isa = PBXHeadersBuildPhase;
			buildActionMask = 2147483647;
			files = (
			);
			runOnlyForDeploymentPostprocessing = 0;
		};
/* End PBXHeadersBuildPhase section */

/* Begin PBXNativeTarget section */
		56EA5B832A1B8AB0005D793D /* DesignSystem */ = {
			isa = PBXNativeTarget;
			buildConfigurationList = 56EA5B912A1B8AB1005D793D /* Build configuration list for PBXNativeTarget "DesignSystem" */;
			buildPhases = (
				56EA5B7F2A1B8AB0005D793D /* Headers */,
				56EA5B802A1B8AB0005D793D /* Sources */,
				56EA5B812A1B8AB0005D793D /* Frameworks */,
				56EA5B822A1B8AB0005D793D /* Resources */,
			);
			buildRules = (
			);
			dependencies = (
			);
			name = DesignSystem;
			productName = DesignSystem;
			productReference = 56EA5B842A1B8AB1005D793D /* DesignSystem.framework */;
			productType = "com.apple.product-type.framework";
		};
		56F515362A05ED95003E212D /* StockExplorerSwift */ = {
			isa = PBXNativeTarget;
			buildConfigurationList = 56F5155B2A05ED96003E212D /* Build configuration list for PBXNativeTarget "StockExplorerSwift" */;
			buildPhases = (
				56F515662A05F0EA003E212D /* Swift Format */,
				56F515332A05ED95003E212D /* Sources */,
				56F515342A05ED95003E212D /* Frameworks */,
				56F515352A05ED95003E212D /* Resources */,
				56EA5B8E2A1B8AB1005D793D /* Embed Frameworks */,
			);
			buildRules = (
			);
			dependencies = (
				56EA5B8B2A1B8AB1005D793D /* PBXTargetDependency */,
			);
			name = StockExplorerSwift;
			productName = "stock-explorer-swift";
			productReference = 56F515372A05ED95003E212D /* StockExplorerSwift.app */;
			productType = "com.apple.product-type.application";
		};
		56F515462A05ED96003E212D /* StockExplorerSwiftTests */ = {
			isa = PBXNativeTarget;
			buildConfigurationList = 56F5155E2A05ED96003E212D /* Build configuration list for PBXNativeTarget "StockExplorerSwiftTests" */;
			buildPhases = (
				56F515432A05ED96003E212D /* Sources */,
				56F515442A05ED96003E212D /* Frameworks */,
				56F515452A05ED96003E212D /* Resources */,
			);
			buildRules = (
			);
			dependencies = (
				56F515492A05ED96003E212D /* PBXTargetDependency */,
			);
			name = StockExplorerSwiftTests;
			productName = "stock-explorer-swiftTests";
			productReference = 56F515472A05ED96003E212D /* StockExplorerSwiftTests.xctest */;
			productType = "com.apple.product-type.bundle.unit-test";
		};
		56F515502A05ED96003E212D /* StockExplorerSwiftUITests */ = {
			isa = PBXNativeTarget;
			buildConfigurationList = 56F515612A05ED96003E212D /* Build configuration list for PBXNativeTarget "StockExplorerSwiftUITests" */;
			buildPhases = (
				56F5154D2A05ED96003E212D /* Sources */,
				56F5154E2A05ED96003E212D /* Frameworks */,
				56F5154F2A05ED96003E212D /* Resources */,
			);
			buildRules = (
			);
			dependencies = (
				56F515532A05ED96003E212D /* PBXTargetDependency */,
			);
			name = StockExplorerSwiftUITests;
			productName = "stock-explorer-swiftUITests";
			productReference = 56F515512A05ED96003E212D /* StockExplorerSwiftUITests.xctest */;
			productType = "com.apple.product-type.bundle.ui-testing";
		};
/* End PBXNativeTarget section */

/* Begin PBXProject section */
		56F5152F2A05ED95003E212D /* Project object */ = {
			isa = PBXProject;
			attributes = {
				BuildIndependentTargetsInParallel = 1;
				LastSwiftUpdateCheck = 1420;
				LastUpgradeCheck = 1420;
				TargetAttributes = {
					56EA5B832A1B8AB0005D793D = {
						CreatedOnToolsVersion = 14.2;
					};
					56F515362A05ED95003E212D = {
						CreatedOnToolsVersion = 14.2;
					};
					56F515462A05ED96003E212D = {
						CreatedOnToolsVersion = 14.2;
						TestTargetID = 56F515362A05ED95003E212D;
					};
					56F515502A05ED96003E212D = {
						CreatedOnToolsVersion = 14.2;
						TestTargetID = 56F515362A05ED95003E212D;
					};
				};
			};
			buildConfigurationList = 56F515322A05ED95003E212D /* Build configuration list for PBXProject "StockExplorerSwift" */;
			compatibilityVersion = "Xcode 14.0";
			developmentRegion = en;
			hasScannedForEncodings = 0;
			knownRegions = (
				en,
				Base,
			);
			mainGroup = 56F5152E2A05ED95003E212D;
			productRefGroup = 56F515382A05ED95003E212D /* Products */;
			projectDirPath = "";
			projectRoot = "";
			targets = (
				56F515362A05ED95003E212D /* StockExplorerSwift */,
				56F515462A05ED96003E212D /* StockExplorerSwiftTests */,
				56F515502A05ED96003E212D /* StockExplorerSwiftUITests */,
				56EA5B832A1B8AB0005D793D /* DesignSystem */,
			);
		};
/* End PBXProject section */

/* Begin PBXResourcesBuildPhase section */
		56EA5B822A1B8AB0005D793D /* Resources */ = {
			isa = PBXResourcesBuildPhase;
			buildActionMask = 2147483647;
			files = (
				56385E242A1B9A8400824289 /* Colors.xcassets in Resources */,
			);
			runOnlyForDeploymentPostprocessing = 0;
		};
		56F515352A05ED95003E212D /* Resources */ = {
			isa = PBXResourcesBuildPhase;
			buildActionMask = 2147483647;
			files = (
				56F515422A05ED96003E212D /* Preview Assets.xcassets in Resources */,
				56F5153F2A05ED96003E212D /* Asset.xcassets in Resources */,
			);
			runOnlyForDeploymentPostprocessing = 0;
		};
		56F515452A05ED96003E212D /* Resources */ = {
			isa = PBXResourcesBuildPhase;
			buildActionMask = 2147483647;
			files = (
			);
			runOnlyForDeploymentPostprocessing = 0;
		};
		56F5154F2A05ED96003E212D /* Resources */ = {
			isa = PBXResourcesBuildPhase;
			buildActionMask = 2147483647;
			files = (
			);
			runOnlyForDeploymentPostprocessing = 0;
		};
/* End PBXResourcesBuildPhase section */

/* Begin PBXShellScriptBuildPhase section */
		56F515662A05F0EA003E212D /* Swift Format */ = {
			isa = PBXShellScriptBuildPhase;
			buildActionMask = 2147483647;
			files = (
			);
			inputFileListPaths = (
			);
			inputPaths = (
			);
			name = "Swift Format";
			outputFileListPaths = (
			);
			outputPaths = (
			);
			runOnlyForDeploymentPostprocessing = 0;
			shellPath = /bin/sh;
			shellScript = "cd BuildTools\nSDKROOT=(xcrun --sdk macosx --show-sdk-path)\n#swift package update #Uncomment this line temporarily to update the version used to the latest matching your BuildTools/Package.swift file\nswift run -c release swiftformat \"$SRCROOT\" --swiftversion 5.7 --indent 4\n";
		};
/* End PBXShellScriptBuildPhase section */

/* Begin PBXSourcesBuildPhase section */
		56EA5B802A1B8AB0005D793D /* Sources */ = {
			isa = PBXSourcesBuildPhase;
			buildActionMask = 2147483647;
			files = (
				56385E212A1B995000824289 /* PrimaryButtonStyle.swift in Sources */,
				56EA5B882A1B8AB1005D793D /* DesignSystem.docc in Sources */,
				569A36232A2E217300164967 /* SecondaryButtonStyle.swift in Sources */,
			);
			runOnlyForDeploymentPostprocessing = 0;
		};
		56F515332A05ED95003E212D /* Sources */ = {
			isa = PBXSourcesBuildPhase;
			buildActionMask = 2147483647;
			files = (
				56F5153B2A05ED95003E212D /* StockExplorerSwiftApp.swift in Sources */,
				569A36272A2E286800164967 /* WatchlistView.swift in Sources */,
				569A362B2A2E29F000164967 /* MyView.swift in Sources */,
				569A36292A2E29CA00164967 /* CommunityView.swift in Sources */,
				569A36252A2E251A00164967 /* ContentView.swift in Sources */,
			);
			runOnlyForDeploymentPostprocessing = 0;
		};
		56F515432A05ED96003E212D /* Sources */ = {
			isa = PBXSourcesBuildPhase;
			buildActionMask = 2147483647;
			files = (
				56F5154C2A05ED96003E212D /* StockExplorerSwiftTests.swift in Sources */,
			);
			runOnlyForDeploymentPostprocessing = 0;
		};
		56F5154D2A05ED96003E212D /* Sources */ = {
			isa = PBXSourcesBuildPhase;
			buildActionMask = 2147483647;
			files = (
				56F515582A05ED96003E212D /* StockExplorerSwiftUITestsLaunchTests.swift in Sources */,
				56F515562A05ED96003E212D /* StockExplorerSwiftUITests.swift in Sources */,
			);
			runOnlyForDeploymentPostprocessing = 0;
		};
/* End PBXSourcesBuildPhase section */

/* Begin PBXTargetDependency section */
		56EA5B8B2A1B8AB1005D793D /* PBXTargetDependency */ = {
			isa = PBXTargetDependency;
			target = 56EA5B832A1B8AB0005D793D /* DesignSystem */;
			targetProxy = 56EA5B8A2A1B8AB1005D793D /* PBXContainerItemProxy */;
		};
		56F515492A05ED96003E212D /* PBXTargetDependency */ = {
			isa = PBXTargetDependency;
			target = 56F515362A05ED95003E212D /* StockExplorerSwift */;
			targetProxy = 56F515482A05ED96003E212D /* PBXContainerItemProxy */;
		};
		56F515532A05ED96003E212D /* PBXTargetDependency */ = {
			isa = PBXTargetDependency;
			target = 56F515362A05ED95003E212D /* StockExplorerSwift */;
			targetProxy = 56F515522A05ED96003E212D /* PBXContainerItemProxy */;
		};
/* End PBXTargetDependency section */

/* Begin XCBuildConfiguration section */
		56EA5B8F2A1B8AB1005D793D /* Debug */ = {
			isa = XCBuildConfiguration;
			buildSettings = {
				CODE_SIGN_STYLE = Automatic;
				CURRENT_PROJECT_VERSION = 1;
				DEFINES_MODULE = YES;
				DEVELOPMENT_TEAM = A2BW4UK926;
				DYLIB_COMPATIBILITY_VERSION = 1;
				DYLIB_CURRENT_VERSION = 1;
				DYLIB_INSTALL_NAME_BASE = "@rpath";
				GENERATE_INFOPLIST_FILE = YES;
				INFOPLIST_KEY_NSHumanReadableCopyright = "";
				INSTALL_PATH = "$(LOCAL_LIBRARY_DIR)/Frameworks";
				IPHONEOS_DEPLOYMENT_TARGET = 16.2;
				LD_RUNPATH_SEARCH_PATHS = (
					"@executable_path/Frameworks",
					"@loader_path/Frameworks",
				);
				"LD_RUNPATH_SEARCH_PATHS[sdk=macosx*]" = (
					"@executable_path/../Frameworks",
					"@loader_path/Frameworks",
				);
				MACOSX_DEPLOYMENT_TARGET = 13.1;
				MARKETING_VERSION = 1.0;
				PRODUCT_BUNDLE_IDENTIFIER = design.sysyem.stock.explorer.com.DesignSystem;
				PRODUCT_NAME = "$(TARGET_NAME:c99extidentifier)";
				SDKROOT = auto;
				SKIP_INSTALL = YES;
				SUPPORTED_PLATFORMS = "iphoneos iphonesimulator macosx";
				SWIFT_EMIT_LOC_STRINGS = YES;
				SWIFT_VERSION = 5.0;
				TARGETED_DEVICE_FAMILY = "1,2";
				VERSIONING_SYSTEM = "apple-generic";
				VERSION_INFO_PREFIX = "";
			};
			name = Debug;
		};
		56EA5B902A1B8AB1005D793D /* Release */ = {
			isa = XCBuildConfiguration;
			buildSettings = {
				CODE_SIGN_STYLE = Automatic;
				CURRENT_PROJECT_VERSION = 1;
				DEFINES_MODULE = YES;
				DEVELOPMENT_TEAM = A2BW4UK926;
				DYLIB_COMPATIBILITY_VERSION = 1;
				DYLIB_CURRENT_VERSION = 1;
				DYLIB_INSTALL_NAME_BASE = "@rpath";
				GENERATE_INFOPLIST_FILE = YES;
				INFOPLIST_KEY_NSHumanReadableCopyright = "";
				INSTALL_PATH = "$(LOCAL_LIBRARY_DIR)/Frameworks";
				IPHONEOS_DEPLOYMENT_TARGET = 16.2;
				LD_RUNPATH_SEARCH_PATHS = (
					"@executable_path/Frameworks",
					"@loader_path/Frameworks",
				);
				"LD_RUNPATH_SEARCH_PATHS[sdk=macosx*]" = (
					"@executable_path/../Frameworks",
					"@loader_path/Frameworks",
				);
				MACOSX_DEPLOYMENT_TARGET = 13.1;
				MARKETING_VERSION = 1.0;
				PRODUCT_BUNDLE_IDENTIFIER = design.sysyem.stock.explorer.com.DesignSystem;
				PRODUCT_NAME = "$(TARGET_NAME:c99extidentifier)";
				SDKROOT = auto;
				SKIP_INSTALL = YES;
				SUPPORTED_PLATFORMS = "iphoneos iphonesimulator macosx";
				SWIFT_EMIT_LOC_STRINGS = YES;
				SWIFT_VERSION = 5.0;
				TARGETED_DEVICE_FAMILY = "1,2";
				VERSIONING_SYSTEM = "apple-generic";
				VERSION_INFO_PREFIX = "";
			};
			name = Release;
		};
		56F515592A05ED96003E212D /* Debug */ = {
			isa = XCBuildConfiguration;
			buildSettings = {
				ALWAYS_SEARCH_USER_PATHS = NO;
				CLANG_ANALYZER_NONNULL = YES;
				CLANG_ANALYZER_NUMBER_OBJECT_CONVERSION = YES_AGGRESSIVE;
				CLANG_CXX_LANGUAGE_STANDARD = "gnu++20";
				CLANG_ENABLE_MODULES = YES;
				CLANG_ENABLE_OBJC_ARC = YES;
				CLANG_ENABLE_OBJC_WEAK = YES;
				CLANG_WARN_BLOCK_CAPTURE_AUTORELEASING = YES;
				CLANG_WARN_BOOL_CONVERSION = YES;
				CLANG_WARN_COMMA = YES;
				CLANG_WARN_CONSTANT_CONVERSION = YES;
				CLANG_WARN_DEPRECATED_OBJC_IMPLEMENTATIONS = YES;
				CLANG_WARN_DIRECT_OBJC_ISA_USAGE = YES_ERROR;
				CLANG_WARN_DOCUMENTATION_COMMENTS = YES;
				CLANG_WARN_EMPTY_BODY = YES;
				CLANG_WARN_ENUM_CONVERSION = YES;
				CLANG_WARN_INFINITE_RECURSION = YES;
				CLANG_WARN_INT_CONVERSION = YES;
				CLANG_WARN_NON_LITERAL_NULL_CONVERSION = YES;
				CLANG_WARN_OBJC_IMPLICIT_RETAIN_SELF = YES;
				CLANG_WARN_OBJC_LITERAL_CONVERSION = YES;
				CLANG_WARN_OBJC_ROOT_CLASS = YES_ERROR;
				CLANG_WARN_QUOTED_INCLUDE_IN_FRAMEWORK_HEADER = YES;
				CLANG_WARN_RANGE_LOOP_ANALYSIS = YES;
				CLANG_WARN_STRICT_PROTOTYPES = YES;
				CLANG_WARN_SUSPICIOUS_MOVE = YES;
				CLANG_WARN_UNGUARDED_AVAILABILITY = YES_AGGRESSIVE;
				CLANG_WARN_UNREACHABLE_CODE = YES;
				CLANG_WARN__DUPLICATE_METHOD_MATCH = YES;
				COPY_PHASE_STRIP = NO;
				DEBUG_INFORMATION_FORMAT = dwarf;
				ENABLE_STRICT_OBJC_MSGSEND = YES;
				ENABLE_TESTABILITY = YES;
				GCC_C_LANGUAGE_STANDARD = gnu11;
				GCC_DYNAMIC_NO_PIC = NO;
				GCC_NO_COMMON_BLOCKS = YES;
				GCC_OPTIMIZATION_LEVEL = 0;
				GCC_PREPROCESSOR_DEFINITIONS = (
					"DEBUG=1",
					"$(inherited)",
				);
				GCC_WARN_64_TO_32_BIT_CONVERSION = YES;
				GCC_WARN_ABOUT_RETURN_TYPE = YES_ERROR;
				GCC_WARN_UNDECLARED_SELECTOR = YES;
				GCC_WARN_UNINITIALIZED_AUTOS = YES_AGGRESSIVE;
				GCC_WARN_UNUSED_FUNCTION = YES;
				GCC_WARN_UNUSED_VARIABLE = YES;
				IPHONEOS_DEPLOYMENT_TARGET = 16.2;
				MTL_ENABLE_DEBUG_INFO = INCLUDE_SOURCE;
				MTL_FAST_MATH = YES;
				ONLY_ACTIVE_ARCH = YES;
				SDKROOT = iphoneos;
				SWIFT_ACTIVE_COMPILATION_CONDITIONS = DEBUG;
				SWIFT_OPTIMIZATION_LEVEL = "-Onone";
			};
			name = Debug;
		};
		56F5155A2A05ED96003E212D /* Release */ = {
			isa = XCBuildConfiguration;
			buildSettings = {
				ALWAYS_SEARCH_USER_PATHS = NO;
				CLANG_ANALYZER_NONNULL = YES;
				CLANG_ANALYZER_NUMBER_OBJECT_CONVERSION = YES_AGGRESSIVE;
				CLANG_CXX_LANGUAGE_STANDARD = "gnu++20";
				CLANG_ENABLE_MODULES = YES;
				CLANG_ENABLE_OBJC_ARC = YES;
				CLANG_ENABLE_OBJC_WEAK = YES;
				CLANG_WARN_BLOCK_CAPTURE_AUTORELEASING = YES;
				CLANG_WARN_BOOL_CONVERSION = YES;
				CLANG_WARN_COMMA = YES;
				CLANG_WARN_CONSTANT_CONVERSION = YES;
				CLANG_WARN_DEPRECATED_OBJC_IMPLEMENTATIONS = YES;
				CLANG_WARN_DIRECT_OBJC_ISA_USAGE = YES_ERROR;
				CLANG_WARN_DOCUMENTATION_COMMENTS = YES;
				CLANG_WARN_EMPTY_BODY = YES;
				CLANG_WARN_ENUM_CONVERSION = YES;
				CLANG_WARN_INFINITE_RECURSION = YES;
				CLANG_WARN_INT_CONVERSION = YES;
				CLANG_WARN_NON_LITERAL_NULL_CONVERSION = YES;
				CLANG_WARN_OBJC_IMPLICIT_RETAIN_SELF = YES;
				CLANG_WARN_OBJC_LITERAL_CONVERSION = YES;
				CLANG_WARN_OBJC_ROOT_CLASS = YES_ERROR;
				CLANG_WARN_QUOTED_INCLUDE_IN_FRAMEWORK_HEADER = YES;
				CLANG_WARN_RANGE_LOOP_ANALYSIS = YES;
				CLANG_WARN_STRICT_PROTOTYPES = YES;
				CLANG_WARN_SUSPICIOUS_MOVE = YES;
				CLANG_WARN_UNGUARDED_AVAILABILITY = YES_AGGRESSIVE;
				CLANG_WARN_UNREACHABLE_CODE = YES;
				CLANG_WARN__DUPLICATE_METHOD_MATCH = YES;
				COPY_PHASE_STRIP = NO;
				DEBUG_INFORMATION_FORMAT = "dwarf-with-dsym";
				ENABLE_NS_ASSERTIONS = NO;
				ENABLE_STRICT_OBJC_MSGSEND = YES;
				GCC_C_LANGUAGE_STANDARD = gnu11;
				GCC_NO_COMMON_BLOCKS = YES;
				GCC_WARN_64_TO_32_BIT_CONVERSION = YES;
				GCC_WARN_ABOUT_RETURN_TYPE = YES_ERROR;
				GCC_WARN_UNDECLARED_SELECTOR = YES;
				GCC_WARN_UNINITIALIZED_AUTOS = YES_AGGRESSIVE;
				GCC_WARN_UNUSED_FUNCTION = YES;
				GCC_WARN_UNUSED_VARIABLE = YES;
				IPHONEOS_DEPLOYMENT_TARGET = 16.2;
				MTL_ENABLE_DEBUG_INFO = NO;
				MTL_FAST_MATH = YES;
				SDKROOT = iphoneos;
				SWIFT_COMPILATION_MODE = wholemodule;
				SWIFT_OPTIMIZATION_LEVEL = "-O";
				VALIDATE_PRODUCT = YES;
			};
			name = Release;
		};
		56F5155C2A05ED96003E212D /* Debug */ = {
			isa = XCBuildConfiguration;
			buildSettings = {
				ALWAYS_EMBED_SWIFT_STANDARD_LIBRARIES = YES;
				ASSETCATALOG_COMPILER_APPICON_NAME = AppIcon;
				ASSETCATALOG_COMPILER_GLOBAL_ACCENT_COLOR_NAME = AccentColor;
				CODE_SIGN_STYLE = Automatic;
				CURRENT_PROJECT_VERSION = 1;
				DEVELOPMENT_ASSET_PATHS = "\"StockExplorerSwift/Preview Content\"";
				DEVELOPMENT_TEAM = A2BW4UK926;
				ENABLE_PREVIEWS = YES;
				GENERATE_INFOPLIST_FILE = YES;
				INFOPLIST_KEY_UIApplicationSceneManifest_Generation = YES;
				INFOPLIST_KEY_UIApplicationSupportsIndirectInputEvents = YES;
				INFOPLIST_KEY_UILaunchScreen_Generation = YES;
				INFOPLIST_KEY_UISupportedInterfaceOrientations_iPad = "UIInterfaceOrientationPortrait UIInterfaceOrientationPortraitUpsideDown UIInterfaceOrientationLandscapeLeft UIInterfaceOrientationLandscapeRight";
				INFOPLIST_KEY_UISupportedInterfaceOrientations_iPhone = "UIInterfaceOrientationPortrait UIInterfaceOrientationLandscapeLeft UIInterfaceOrientationLandscapeRight";
				LD_RUNPATH_SEARCH_PATHS = (
					"$(inherited)",
					"@executable_path/Frameworks",
				);
				MARKETING_VERSION = 1.0;
				PRODUCT_BUNDLE_IDENTIFIER = "stock.explorer.com.stock-explorer-swift";
				PRODUCT_NAME = "$(TARGET_NAME)";
				SWIFT_EMIT_LOC_STRINGS = YES;
				SWIFT_VERSION = 5.0;
				TARGETED_DEVICE_FAMILY = "1,2";
			};
			name = Debug;
		};
		56F5155D2A05ED96003E212D /* Release */ = {
			isa = XCBuildConfiguration;
			buildSettings = {
				ALWAYS_EMBED_SWIFT_STANDARD_LIBRARIES = YES;
				ASSETCATALOG_COMPILER_APPICON_NAME = AppIcon;
				ASSETCATALOG_COMPILER_GLOBAL_ACCENT_COLOR_NAME = AccentColor;
				CODE_SIGN_STYLE = Automatic;
				CURRENT_PROJECT_VERSION = 1;
				DEVELOPMENT_ASSET_PATHS = "\"StockExplorerSwift/Preview Content\"";
				DEVELOPMENT_TEAM = A2BW4UK926;
				ENABLE_PREVIEWS = YES;
				GENERATE_INFOPLIST_FILE = YES;
				INFOPLIST_KEY_UIApplicationSceneManifest_Generation = YES;
				INFOPLIST_KEY_UIApplicationSupportsIndirectInputEvents = YES;
				INFOPLIST_KEY_UILaunchScreen_Generation = YES;
				INFOPLIST_KEY_UISupportedInterfaceOrientations_iPad = "UIInterfaceOrientationPortrait UIInterfaceOrientationPortraitUpsideDown UIInterfaceOrientationLandscapeLeft UIInterfaceOrientationLandscapeRight";
				INFOPLIST_KEY_UISupportedInterfaceOrientations_iPhone = "UIInterfaceOrientationPortrait UIInterfaceOrientationLandscapeLeft UIInterfaceOrientationLandscapeRight";
				LD_RUNPATH_SEARCH_PATHS = (
					"$(inherited)",
					"@executable_path/Frameworks",
				);
				MARKETING_VERSION = 1.0;
				PRODUCT_BUNDLE_IDENTIFIER = "stock.explorer.com.stock-explorer-swift";
				PRODUCT_NAME = "$(TARGET_NAME)";
				SWIFT_EMIT_LOC_STRINGS = YES;
				SWIFT_VERSION = 5.0;
				TARGETED_DEVICE_FAMILY = "1,2";
			};
			name = Release;
		};
		56F5155F2A05ED96003E212D /* Debug */ = {
			isa = XCBuildConfiguration;
			buildSettings = {
				ALWAYS_EMBED_SWIFT_STANDARD_LIBRARIES = YES;
				BUNDLE_LOADER = "$(TEST_HOST)";
				CODE_SIGN_STYLE = Automatic;
				CURRENT_PROJECT_VERSION = 1;
				DEVELOPMENT_TEAM = A2BW4UK926;
				GENERATE_INFOPLIST_FILE = YES;
				IPHONEOS_DEPLOYMENT_TARGET = 16.2;
				MARKETING_VERSION = 1.0;
				PRODUCT_BUNDLE_IDENTIFIER = "stock.explorer.com.stock-explorer-swiftTests";
				PRODUCT_NAME = "$(TARGET_NAME)";
				SWIFT_EMIT_LOC_STRINGS = NO;
				SWIFT_VERSION = 5.0;
				TARGETED_DEVICE_FAMILY = "1,2";
				TEST_HOST = "$(BUILT_PRODUCTS_DIR)/sStockExplorerSwift.app/$(BUNDLE_EXECUTABLE_FOLDER_PATH)/sStockExplorerSwift";
			};
			name = Debug;
		};
		56F515602A05ED96003E212D /* Release */ = {
			isa = XCBuildConfiguration;
			buildSettings = {
				ALWAYS_EMBED_SWIFT_STANDARD_LIBRARIES = YES;
				BUNDLE_LOADER = "$(TEST_HOST)";
				CODE_SIGN_STYLE = Automatic;
				CURRENT_PROJECT_VERSION = 1;
				DEVELOPMENT_TEAM = A2BW4UK926;
				GENERATE_INFOPLIST_FILE = YES;
				IPHONEOS_DEPLOYMENT_TARGET = 16.2;
				MARKETING_VERSION = 1.0;
				PRODUCT_BUNDLE_IDENTIFIER = "stock.explorer.com.stock-explorer-swiftTests";
				PRODUCT_NAME = "$(TARGET_NAME)";
				SWIFT_EMIT_LOC_STRINGS = NO;
				SWIFT_VERSION = 5.0;
				TARGETED_DEVICE_FAMILY = "1,2";
				TEST_HOST = "$(BUILT_PRODUCTS_DIR)/sStockExplorerSwift.app/$(BUNDLE_EXECUTABLE_FOLDER_PATH)/sStockExplorerSwift";
			};
			name = Release;
		};
		56F515622A05ED96003E212D /* Debug */ = {
			isa = XCBuildConfiguration;
			buildSettings = {
				ALWAYS_EMBED_SWIFT_STANDARD_LIBRARIES = YES;
				CODE_SIGN_STYLE = Automatic;
				CURRENT_PROJECT_VERSION = 1;
				DEVELOPMENT_TEAM = A2BW4UK926;
				GENERATE_INFOPLIST_FILE = YES;
				MARKETING_VERSION = 1.0;
				PRODUCT_BUNDLE_IDENTIFIER = "stock.explorer.com.stock-explorer-swiftUITests";
				PRODUCT_NAME = "$(TARGET_NAME)";
				SWIFT_EMIT_LOC_STRINGS = NO;
				SWIFT_VERSION = 5.0;
				TARGETED_DEVICE_FAMILY = "1,2";
				TEST_TARGET_NAME = StockExplorerSwift;
			};
			name = Debug;
		};
		56F515632A05ED96003E212D /* Release */ = {
			isa = XCBuildConfiguration;
			buildSettings = {
				ALWAYS_EMBED_SWIFT_STANDARD_LIBRARIES = YES;
				CODE_SIGN_STYLE = Automatic;
				CURRENT_PROJECT_VERSION = 1;
				DEVELOPMENT_TEAM = A2BW4UK926;
				GENERATE_INFOPLIST_FILE = YES;
				MARKETING_VERSION = 1.0;
				PRODUCT_BUNDLE_IDENTIFIER = "stock.explorer.com.stock-explorer-swiftUITests";
				PRODUCT_NAME = "$(TARGET_NAME)";
				SWIFT_EMIT_LOC_STRINGS = NO;
				SWIFT_VERSION = 5.0;
				TARGETED_DEVICE_FAMILY = "1,2";
				TEST_TARGET_NAME = StockExplorerSwift;
			};
			name = Release;
		};
/* End XCBuildConfiguration section */

/* Begin XCConfigurationList section */
		56EA5B912A1B8AB1005D793D /* Build configuration list for PBXNativeTarget "DesignSystem" */ = {
			isa = XCConfigurationList;
			buildConfigurations = (
				56EA5B8F2A1B8AB1005D793D /* Debug */,
				56EA5B902A1B8AB1005D793D /* Release */,
			);
			defaultConfigurationIsVisible = 0;
			defaultConfigurationName = Release;
		};
		56F515322A05ED95003E212D /* Build configuration list for PBXProject "StockExplorerSwift" */ = {
			isa = XCConfigurationList;
			buildConfigurations = (
				56F515592A05ED96003E212D /* Debug */,
				56F5155A2A05ED96003E212D /* Release */,
			);
			defaultConfigurationIsVisible = 0;
			defaultConfigurationName = Release;
		};
		56F5155B2A05ED96003E212D /* Build configuration list for PBXNativeTarget "StockExplorerSwift" */ = {
			isa = XCConfigurationList;
			buildConfigurations = (
				56F5155C2A05ED96003E212D /* Debug */,
				56F5155D2A05ED96003E212D /* Release */,
			);
			defaultConfigurationIsVisible = 0;
			defaultConfigurationName = Release;
		};
		56F5155E2A05ED96003E212D /* Build configuration list for PBXNativeTarget "StockExplorerSwiftTests" */ = {
			isa = XCConfigurationList;
			buildConfigurations = (
				56F5155F2A05ED96003E212D /* Debug */,
				56F515602A05ED96003E212D /* Release */,
			);
			defaultConfigurationIsVisible = 0;
			defaultConfigurationName = Release;
		};
		56F515612A05ED96003E212D /* Build configuration list for PBXNativeTarget "StockExplorerSwiftUITests" */ = {
			isa = XCConfigurationList;
			buildConfigurations = (
				56F515622A05ED96003E212D /* Debug */,
				56F515632A05ED96003E212D /* Release */,
			);
			defaultConfigurationIsVisible = 0;
			defaultConfigurationName = Release;
		};
/* End XCConfigurationList section */
	};
	rootObject = 56F5152F2A05ED95003E212D /* Project object */;
}
